
Microsoft Visual Studio Solution File, Format Version 12.00
# Visual Studio Version 17
VisualStudioVersion = 17.6.33712.159
MinimumVisualStudioVersion = 10.0.40219.1
Project("{9A19103F-16F7-4668-BE54-9A1E7A4F7556}") = "Royaltime.APIGateway", "Royaltime.APIGateway.csproj", "{79C628D8-6001-4DD0-9E96-1EFB290AA6D8}"
EndProject
Global
	GlobalSection(SolutionConfigurationPlatforms) = preSolution
		Debug|Any CPU = Debug|Any CPU
		Release|Any CPU = Release|Any CPU
	EndGlobalSection
	GlobalSection(ProjectConfigurationPlatforms) = postSolution
		{79C628D8-6001-4DD0-9E96-1EFB290AA6D8}.Debug|Any CPU.ActiveCfg = Debug|Any CPU
		{79C628D8-6001-4DD0-9E96-1EFB290AA6D8}.Debug|Any CPU.Build.0 = Debug|Any CPU
		{79C628D8-6001-4DD0-9E96-1EFB290AA6D8}.Release|Any CPU.ActiveCfg = Release|Any CPU
		{79C628D8-6001-4DD0-9E96-1EFB290AA6D8}.Release|Any CPU.Build.0 = Release|Any CPU
	EndGlobalSection
	GlobalSection(SolutionProperties) = preSolution
		HideSolutionNode = FALSE
	EndGlobalSection
	GlobalSection(ExtensibilityGlobals) = postSolution
		SolutionGuid = {9774908B-D999-4AFE-BDB0-1F0A722BA05E}
	EndGlobalSection
EndGlobal
